
Microsoft Visual Studio Solution File, Format Version 12.00
# Visual Studio Version 17
VisualStudioVersion = 17.7.34031.279
MinimumVisualStudioVersion = 10.0.40219.1
Project("{888888A0-9F3D-457C-B088-3A5042F75D52}") = "majeno de memoria python", "majeno de memoria python\majeno de memoria python.pyproj", "{09865822-53AA-40D3-B8C4-A04E47A2B75A}"
EndProject
Global
	GlobalSection(SolutionConfigurationPlatforms) = preSolution
		Debug|Any CPU = Debug|Any CPU
		Release|Any CPU = Release|Any CPU
	EndGlobalSection
	GlobalSection(ProjectConfigurationPlatforms) = postSolution
		{09865822-53AA-40D3-B8C4-A04E47A2B75A}.Debug|Any CPU.ActiveCfg = Debug|Any CPU
		{09865822-53AA-40D3-B8C4-A04E47A2B75A}.Release|Any CPU.ActiveCfg = Release|Any CPU
	EndGlobalSection
	GlobalSection(SolutionProperties) = preSolution
		HideSolutionNode = FALSE
	EndGlobalSection
	GlobalSection(ExtensibilityGlobals) = postSolution
		SolutionGuid = {25CFAD4D-8C34-4E1A-993F-28907FE30A41}
	EndGlobalSection
EndGlobal
